
Microsoft Visual Studio Solution File, Format Version 12.00
# Visual Studio Version 17
VisualStudioVersion = 17.9.34310.174
MinimumVisualStudioVersion = 10.0.40219.1
Project("{2150E333-8FDC-42A3-9474-1A3956D46DE8}") = "FrontEnd", "FrontEnd", "{D2012C76-DD5E-4123-B83C-5CC8219FA069}"
EndProject
Project("{2150E333-8FDC-42A3-9474-1A3956D46DE8}") = "Gateway", "Gateway", "{0E1CE065-3C19-4A52-B107-6FD20D8B69C4}"
EndProject
Project("{2150E333-8FDC-42A3-9474-1A3956D46DE8}") = "Integration", "Integration", "{5761568E-DF5A-45BA-8408-351399C91395}"
EndProject
Project("{2150E333-8FDC-42A3-9474-1A3956D46DE8}") = "Services", "Services", "{38830DF5-61A1-4BC3-9C04-7253D0E09E64}"
EndProject
Project("{9A19103F-16F7-4668-BE54-9A1E7A4F7556}") = "Shop.Services.CouponAPI", "Shop.Services.CouponAPI\Shop.Services.CouponAPI.csproj", "{7F2E0494-A539-4A2A-A098-43607A80EDE2}"
EndProject
Project("{9A19103F-16F7-4668-BE54-9A1E7A4F7556}") = "Shop.Web", "Shop.Web\Shop.Web.csproj", "{D915DCA3-22CC-4207-84E7-A55EA17AFDF2}"
EndProject
Project("{9A19103F-16F7-4668-BE54-9A1E7A4F7556}") = "Shop.Services.AuthAPI", "Shop.Services.AuthAPI\Shop.Services.AuthAPI.csproj", "{58C8E16F-FA88-49A9-9D71-B604A1AA206E}"
EndProject
Project("{9A19103F-16F7-4668-BE54-9A1E7A4F7556}") = "Shop.Services.ProductAPI", "Shop.Services.ProductAPI\Shop.Services.ProductAPI.csproj", "{8CE1FBFF-C2F0-4CEF-AF93-25D27084A139}"
EndProject
Project("{9A19103F-16F7-4668-BE54-9A1E7A4F7556}") = "Shop.Services.ShoppingCartAPI", "Shop.Services.ShoppingCartAPI\Shop.Services.ShoppingCartAPI.csproj", "{0A3D954E-4DA0-47A4-9B22-8A8314F158C0}"
EndProject
Project("{9A19103F-16F7-4668-BE54-9A1E7A4F7556}") = "Shop.MessageBus", "Shop.MessageBus\Shop.MessageBus.csproj", "{FE28567F-4CF9-4845-B694-7D5892883601}"
EndProject
Project("{9A19103F-16F7-4668-BE54-9A1E7A4F7556}") = "Shop.Services.EmailAPI", "Shop.Services.EmailAPI\Shop.Services.EmailAPI.csproj", "{7CDF20DD-E68F-4AE9-891E-F45606A30DD9}"
EndProject
Project("{9A19103F-16F7-4668-BE54-9A1E7A4F7556}") = "Shop.Services.OrderAPI", "Shop.Services.OrderAPI\Shop.Services.OrderAPI.csproj", "{547F9D14-1C5A-4255-99BD-C0E3DFB03E76}"
EndProject
Project("{9A19103F-16F7-4668-BE54-9A1E7A4F7556}") = "Shop.Service.RewardAPI", "Shop.Service.RewardAPI\Shop.Service.RewardAPI.csproj", "{AF439959-BFE3-43DB-A052-9AC4CF129783}"
EndProject
Project("{9A19103F-16F7-4668-BE54-9A1E7A4F7556}") = "Shop.GatewayProject", "Shop.GatewayProject\Shop.GatewayProject.csproj", "{35AE6D7F-A153-4B7A-8255-57356F781435}"
EndProject
Global
	GlobalSection(SolutionConfigurationPlatforms) = preSolution
		Debug|Any CPU = Debug|Any CPU
		Release|Any CPU = Release|Any CPU
	EndGlobalSection
	GlobalSection(ProjectConfigurationPlatforms) = postSolution
		{7F2E0494-A539-4A2A-A098-43607A80EDE2}.Debug|Any CPU.ActiveCfg = Debug|Any CPU
		{7F2E0494-A539-4A2A-A098-43607A80EDE2}.Debug|Any CPU.Build.0 = Debug|Any CPU
		{7F2E0494-A539-4A2A-A098-43607A80EDE2}.Release|Any CPU.ActiveCfg = Release|Any CPU
		{7F2E0494-A539-4A2A-A098-43607A80EDE2}.Release|Any CPU.Build.0 = Release|Any CPU
		{D915DCA3-22CC-4207-84E7-A55EA17AFDF2}.Debug|Any CPU.ActiveCfg = Debug|Any CPU
		{D915DCA3-22CC-4207-84E7-A55EA17AFDF2}.Debug|Any CPU.Build.0 = Debug|Any CPU
		{D915DCA3-22CC-4207-84E7-A55EA17AFDF2}.Release|Any CPU.ActiveCfg = Release|Any CPU
		{D915DCA3-22CC-4207-84E7-A55EA17AFDF2}.Release|Any CPU.Build.0 = Release|Any CPU
		{58C8E16F-FA88-49A9-9D71-B604A1AA206E}.Debug|Any CPU.ActiveCfg = Debug|Any CPU
		{58C8E16F-FA88-49A9-9D71-B604A1AA206E}.Debug|Any CPU.Build.0 = Debug|Any CPU
		{58C8E16F-FA88-49A9-9D71-B604A1AA206E}.Release|Any CPU.ActiveCfg = Release|Any CPU
		{58C8E16F-FA88-49A9-9D71-B604A1AA206E}.Release|Any CPU.Build.0 = Release|Any CPU
		{8CE1FBFF-C2F0-4CEF-AF93-25D27084A139}.Debug|Any CPU.ActiveCfg = Debug|Any CPU
		{8CE1FBFF-C2F0-4CEF-AF93-25D27084A139}.Debug|Any CPU.Build.0 = Debug|Any CPU
		{8CE1FBFF-C2F0-4CEF-AF93-25D27084A139}.Release|Any CPU.ActiveCfg = Release|Any CPU
		{8CE1FBFF-C2F0-4CEF-AF93-25D27084A139}.Release|Any CPU.Build.0 = Release|Any CPU
		{0A3D954E-4DA0-47A4-9B22-8A8314F158C0}.Debug|Any CPU.ActiveCfg = Debug|Any CPU
		{0A3D954E-4DA0-47A4-9B22-8A8314F158C0}.Debug|Any CPU.Build.0 = Debug|Any CPU
		{0A3D954E-4DA0-47A4-9B22-8A8314F158C0}.Release|Any CPU.ActiveCfg = Release|Any CPU
		{0A3D954E-4DA0-47A4-9B22-8A8314F158C0}.Release|Any CPU.Build.0 = Release|Any CPU
		{FE28567F-4CF9-4845-B694-7D5892883601}.Debug|Any CPU.ActiveCfg = Debug|Any CPU
		{FE28567F-4CF9-4845-B694-7D5892883601}.Debug|Any CPU.Build.0 = Debug|Any CPU
		{FE28567F-4CF9-4845-B694-7D5892883601}.Release|Any CPU.ActiveCfg = Release|Any CPU
		{FE28567F-4CF9-4845-B694-7D5892883601}.Release|Any CPU.Build.0 = Release|Any CPU
		{7CDF20DD-E68F-4AE9-891E-F45606A30DD9}.Debug|Any CPU.ActiveCfg = Debug|Any CPU
		{7CDF20DD-E68F-4AE9-891E-F45606A30DD9}.Debug|Any CPU.Build.0 = Debug|Any CPU
		{7CDF20DD-E68F-4AE9-891E-F45606A30DD9}.Release|Any CPU.ActiveCfg = Release|Any CPU
		{7CDF20DD-E68F-4AE9-891E-F45606A30DD9}.Release|Any CPU.Build.0 = Release|Any CPU
		{547F9D14-1C5A-4255-99BD-C0E3DFB03E76}.Debug|Any CPU.ActiveCfg = Debug|Any CPU
		{547F9D14-1C5A-4255-99BD-C0E3DFB03E76}.Debug|Any CPU.Build.0 = Debug|Any CPU
		{547F9D14-1C5A-4255-99BD-C0E3DFB03E76}.Release|Any CPU.ActiveCfg = Release|Any CPU
		{547F9D14-1C5A-4255-99BD-C0E3DFB03E76}.Release|Any CPU.Build.0 = Release|Any CPU
		{AF439959-BFE3-43DB-A052-9AC4CF129783}.Debug|Any CPU.ActiveCfg = Debug|Any CPU
		{AF439959-BFE3-43DB-A052-9AC4CF129783}.Debug|Any CPU.Build.0 = Debug|Any CPU
		{AF439959-BFE3-43DB-A052-9AC4CF129783}.Release|Any CPU.ActiveCfg = Release|Any CPU
		{AF439959-BFE3-43DB-A052-9AC4CF129783}.Release|Any CPU.Build.0 = Release|Any CPU
		{35AE6D7F-A153-4B7A-8255-57356F781435}.Debug|Any CPU.ActiveCfg = Debug|Any CPU
		{35AE6D7F-A153-4B7A-8255-57356F781435}.Debug|Any CPU.Build.0 = Debug|Any CPU
		{35AE6D7F-A153-4B7A-8255-57356F781435}.Release|Any CPU.ActiveCfg = Release|Any CPU
		{35AE6D7F-A153-4B7A-8255-57356F781435}.Release|Any CPU.Build.0 = Release|Any CPU
	EndGlobalSection
	GlobalSection(SolutionProperties) = preSolution
		HideSolutionNode = FALSE
	EndGlobalSection
	GlobalSection(NestedProjects) = preSolution
		{7F2E0494-A539-4A2A-A098-43607A80EDE2} = {38830DF5-61A1-4BC3-9C04-7253D0E09E64}
		{D915DCA3-22CC-4207-84E7-A55EA17AFDF2} = {D2012C76-DD5E-4123-B83C-5CC8219FA069}
		{58C8E16F-FA88-49A9-9D71-B604A1AA206E} = {38830DF5-61A1-4BC3-9C04-7253D0E09E64}
		{8CE1FBFF-C2F0-4CEF-AF93-25D27084A139} = {38830DF5-61A1-4BC3-9C04-7253D0E09E64}
		{0A3D954E-4DA0-47A4-9B22-8A8314F158C0} = {38830DF5-61A1-4BC3-9C04-7253D0E09E64}
		{FE28567F-4CF9-4845-B694-7D5892883601} = {5761568E-DF5A-45BA-8408-351399C91395}
		{7CDF20DD-E68F-4AE9-891E-F45606A30DD9} = {38830DF5-61A1-4BC3-9C04-7253D0E09E64}
		{547F9D14-1C5A-4255-99BD-C0E3DFB03E76} = {38830DF5-61A1-4BC3-9C04-7253D0E09E64}
		{AF439959-BFE3-43DB-A052-9AC4CF129783} = {38830DF5-61A1-4BC3-9C04-7253D0E09E64}
		{35AE6D7F-A153-4B7A-8255-57356F781435} = {0E1CE065-3C19-4A52-B107-6FD20D8B69C4}
	EndGlobalSection
	GlobalSection(ExtensibilityGlobals) = postSolution
		SolutionGuid = {4012B673-4728-4139-8515-AB018BD9597B}
	EndGlobalSection
EndGlobal
